
Microsoft Visual Studio Solution File, Format Version 12.00
# Visual Studio 15
VisualStudioVersion = 15.0.28307.779
MinimumVisualStudioVersion = 10.0.40219.1
Project("{930C7802-8A8C-48F9-8165-68863BCCD9DD}") = "KFDtoolApp", "KFDtoolApp\KFDtoolApp.wixproj", "{5C62BD2E-BB98-4F86-A65C-AA9791179CD3}"
EndProject
Global
	GlobalSection(SolutionConfigurationPlatforms) = preSolution
		Debug|x64 = Debug|x64
		Debug|x86 = Debug|x86
		Release|x64 = Release|x64
		Release|x86 = Release|x86
	EndGlobalSection
	GlobalSection(ProjectConfigurationPlatforms) = postSolution
		{5C62BD2E-BB98-4F86-A65C-AA9791179CD3}.Debug|x64.ActiveCfg = Debug|x64
		{5C62BD2E-BB98-4F86-A65C-AA9791179CD3}.Debug|x64.Build.0 = Debug|x64
		{5C62BD2E-BB98-4F86-A65C-AA9791179CD3}.Debug|x86.ActiveCfg = Debug|x86
		{5C62BD2E-BB98-4F86-A65C-AA9791179CD3}.Debug|x86.Build.0 = Debug|x86
		{5C62BD2E-BB98-4F86-A65C-AA9791179CD3}.Release|x64.ActiveCfg = Release|x64
		{5C62BD2E-BB98-4F86-A65C-AA9791179CD3}.Release|x64.Build.0 = Release|x64
		{5C62BD2E-BB98-4F86-A65C-AA9791179CD3}.Release|x86.ActiveCfg = Release|x86
		{5C62BD2E-BB98-4F86-A65C-AA9791179CD3}.Release|x86.Build.0 = Release|x86
	EndGlobalSection
	GlobalSection(SolutionProperties) = preSolution
		HideSolutionNode = FALSE
	EndGlobalSection
	GlobalSection(ExtensibilityGlobals) = postSolution
		SolutionGuid = {F9549209-56E3-476F-B9D3-7F20B838D28D}
	EndGlobalSection
EndGlobal
